
Microsoft Visual Studio Solution File, Format Version 12.00
# Visual Studio Version 17
VisualStudioVersion = 17.0.31903.59
MinimumVisualStudioVersion = 10.0.40219.1
Project("{FAE04EC0-301F-11D3-BF4B-00C04F79EFBC}") = "PaymentContext.Domain", "PaymentContext.Domain\PaymentContext.Domain.csproj", "{53BCBA2B-A1B4-4EAD-BD01-5F4DFD9B6B2E}"
EndProject
Project("{FAE04EC0-301F-11D3-BF4B-00C04F79EFBC}") = "PaymentContext.Shared", "PaymentContext.Shared\PaymentContext.Shared.csproj", "{CE01619A-812F-4D97-80DB-800748A07E64}"
EndProject
Project("{FAE04EC0-301F-11D3-BF4B-00C04F79EFBC}") = "PaymentContext.Tests", "PaymentContext.Tests\PaymentContext.Tests.csproj", "{586BCF92-4CFF-4F9D-A523-A2F0BF64A5CE}"
EndProject
Global
	GlobalSection(SolutionConfigurationPlatforms) = preSolution
		Debug|Any CPU = Debug|Any CPU
		Release|Any CPU = Release|Any CPU
	EndGlobalSection
	GlobalSection(SolutionProperties) = preSolution
		HideSolutionNode = FALSE
	EndGlobalSection
	GlobalSection(ProjectConfigurationPlatforms) = postSolution
		{53BCBA2B-A1B4-4EAD-BD01-5F4DFD9B6B2E}.Debug|Any CPU.ActiveCfg = Debug|Any CPU
		{53BCBA2B-A1B4-4EAD-BD01-5F4DFD9B6B2E}.Debug|Any CPU.Build.0 = Debug|Any CPU
		{53BCBA2B-A1B4-4EAD-BD01-5F4DFD9B6B2E}.Release|Any CPU.ActiveCfg = Release|Any CPU
		{53BCBA2B-A1B4-4EAD-BD01-5F4DFD9B6B2E}.Release|Any CPU.Build.0 = Release|Any CPU
		{CE01619A-812F-4D97-80DB-800748A07E64}.Debug|Any CPU.ActiveCfg = Debug|Any CPU
		{CE01619A-812F-4D97-80DB-800748A07E64}.Debug|Any CPU.Build.0 = Debug|Any CPU
		{CE01619A-812F-4D97-80DB-800748A07E64}.Release|Any CPU.ActiveCfg = Release|Any CPU
		{CE01619A-812F-4D97-80DB-800748A07E64}.Release|Any CPU.Build.0 = Release|Any CPU
		{586BCF92-4CFF-4F9D-A523-A2F0BF64A5CE}.Debug|Any CPU.ActiveCfg = Debug|Any CPU
		{586BCF92-4CFF-4F9D-A523-A2F0BF64A5CE}.Debug|Any CPU.Build.0 = Debug|Any CPU
		{586BCF92-4CFF-4F9D-A523-A2F0BF64A5CE}.Release|Any CPU.ActiveCfg = Release|Any CPU
		{586BCF92-4CFF-4F9D-A523-A2F0BF64A5CE}.Release|Any CPU.Build.0 = Release|Any CPU
	EndGlobalSection
EndGlobal
